
Microsoft Visual Studio Solution File, Format Version 12.00
# Visual Studio Version 16
VisualStudioVersion = 16.0.31402.337
MinimumVisualStudioVersion = 10.0.40219.1
Project("{FAE04EC0-301F-11D3-BF4B-00C04F79EFBC}") = "OrdlisteFilter", "OrdlisteFilter.csproj", "{BC89404B-0B1D-4A37-8D4D-05DB7A37EA29}"
EndProject
Global
	GlobalSection(SolutionConfigurationPlatforms) = preSolution
		Debug|Any CPU = Debug|Any CPU
		Release|Any CPU = Release|Any CPU
	EndGlobalSection
	GlobalSection(ProjectConfigurationPlatforms) = postSolution
		{BC89404B-0B1D-4A37-8D4D-05DB7A37EA29}.Debug|Any CPU.ActiveCfg = Debug|Any CPU
		{BC89404B-0B1D-4A37-8D4D-05DB7A37EA29}.Debug|Any CPU.Build.0 = Debug|Any CPU
		{BC89404B-0B1D-4A37-8D4D-05DB7A37EA29}.Release|Any CPU.ActiveCfg = Release|Any CPU
		{BC89404B-0B1D-4A37-8D4D-05DB7A37EA29}.Release|Any CPU.Build.0 = Release|Any CPU
	EndGlobalSection
	GlobalSection(SolutionProperties) = preSolution
		HideSolutionNode = FALSE
	EndGlobalSection
	GlobalSection(ExtensibilityGlobals) = postSolution
		SolutionGuid = {CAA2E5A9-F11B-4645-A08E-8DA71EE79FAE}
	EndGlobalSection
EndGlobal
